{
  "nodes": {
    "nixpkgs": {
      "locked": {
        "lastModified": 1650636395,
        "narHash": "sha256-rHaZxB2CXxAWmrgc9TE5qS+VEEuJRQfKahL0vg74Vs4=",
        "owner": "NixOS",
        "repo": "nixpkgs",
        "rev": "5b2aaa628ff264b60e8dbaf19db19d15a3d14deb",
        "type": "github"
      },
      "original": {
        "owner": "NixOS",
        "ref": "master",
        "repo": "nixpkgs",
        "type": "github"
      }
    },
    "root": {
      "inputs": {
        "nixpkgs": "nixpkgs"
      }
    }
  },
  "root": "root",
  "version": 7
}
