{
  "nodes": {
    "nixpkgs": {
      "locked": {
        "lastModified": 1625263542,
        "narHash": "sha256-+3t0C4TQWE4lCeggJgwtMyW6RlRT0QC2Xp8TzE/vq14=",
        "owner": "NixOS",
        "repo": "nixpkgs",
        "rev": "e23072af788bc0cde5004f6232b898f12d26df95",
        "type": "github"
      },
      "original": {
        "owner": "NixOS",
        "ref": "master",
        "repo": "nixpkgs",
        "type": "github"
      }
    },
    "root": {
      "inputs": {
        "nixpkgs": "nixpkgs"
      }
    }
  },
  "root": "root",
  "version": 7
}
